
Microsoft Visual Studio Solution File, Format Version 12.00
# Visual Studio Version 17
VisualStudioVersion = 17.8.34511.84
MinimumVisualStudioVersion = 10.0.40219.1
Project("{F184B08F-C81C-45F6-A57F-5ABD9991F28F}") = "TiketSales", "ModernGUI_V3_VisualBasic\TiketSales.vbproj", "{943B3651-DA9E-4220-B57B-12F396E70CBC}"
EndProject
Global
	GlobalSection(SolutionConfigurationPlatforms) = preSolution
		Debug|Any CPU = Debug|Any CPU
		Release|Any CPU = Release|Any CPU
	EndGlobalSection
	GlobalSection(ProjectConfigurationPlatforms) = postSolution
		{943B3651-DA9E-4220-B57B-12F396E70CBC}.Debug|Any CPU.ActiveCfg = Debug|Any CPU
		{943B3651-DA9E-4220-B57B-12F396E70CBC}.Debug|Any CPU.Build.0 = Debug|Any CPU
		{943B3651-DA9E-4220-B57B-12F396E70CBC}.Release|Any CPU.ActiveCfg = Release|Any CPU
		{943B3651-DA9E-4220-B57B-12F396E70CBC}.Release|Any CPU.Build.0 = Release|Any CPU
	EndGlobalSection
	GlobalSection(SolutionProperties) = preSolution
		HideSolutionNode = FALSE
	EndGlobalSection
	GlobalSection(ExtensibilityGlobals) = postSolution
		SolutionGuid = {EE455281-F625-4B44-9026-FB21686291A1}
	EndGlobalSection
EndGlobal
